
Microsoft Visual Studio Solution File, Format Version 12.00
# Visual Studio Version 17
VisualStudioVersion = 17.1.32319.34
MinimumVisualStudioVersion = 10.0.40219.1
Project("{9A19103F-16F7-4668-BE54-9A1E7A4F7556}") = "CalidadT1", "CalidadT1\CalidadT1.csproj", "{E4FD496A-44C7-4CAF-828A-F82575338A00}"
EndProject
Project("{FAE04EC0-301F-11D3-BF4B-00C04F79EFBC}") = "T1Test", "T1Test\T1Test.csproj", "{10214E66-9222-4D84-9597-B630397E7F05}"
EndProject
Global
	GlobalSection(SolutionConfigurationPlatforms) = preSolution
		Debug|Any CPU = Debug|Any CPU
		Release|Any CPU = Release|Any CPU
	EndGlobalSection
	GlobalSection(ProjectConfigurationPlatforms) = postSolution
		{E4FD496A-44C7-4CAF-828A-F82575338A00}.Debug|Any CPU.ActiveCfg = Debug|Any CPU
		{E4FD496A-44C7-4CAF-828A-F82575338A00}.Debug|Any CPU.Build.0 = Debug|Any CPU
		{E4FD496A-44C7-4CAF-828A-F82575338A00}.Release|Any CPU.ActiveCfg = Release|Any CPU
		{E4FD496A-44C7-4CAF-828A-F82575338A00}.Release|Any CPU.Build.0 = Release|Any CPU
		{10214E66-9222-4D84-9597-B630397E7F05}.Debug|Any CPU.ActiveCfg = Debug|Any CPU
		{10214E66-9222-4D84-9597-B630397E7F05}.Debug|Any CPU.Build.0 = Debug|Any CPU
		{10214E66-9222-4D84-9597-B630397E7F05}.Release|Any CPU.ActiveCfg = Release|Any CPU
		{10214E66-9222-4D84-9597-B630397E7F05}.Release|Any CPU.Build.0 = Release|Any CPU
	EndGlobalSection
	GlobalSection(SolutionProperties) = preSolution
		HideSolutionNode = FALSE
	EndGlobalSection
	GlobalSection(ExtensibilityGlobals) = postSolution
		SolutionGuid = {542053F4-8BDC-43FE-9C0A-D60B3F66009D}
	EndGlobalSection
EndGlobal
